// !$*UTF8*$!
{
	archiveVersion = 1;
	classes = {
	};
	objectVersion = 46;
	objects = {

/* Begin PBXBuildFile section */
		496BF1D51DD70E7D008EAF1E /* main.m in Sources */ = {isa = PBXBuildFile; fileRef = 496BF1D41DD70E7D008EAF1E /* main.m */; };
		496BF1D81DD70E7D008EAF1E /* AppDelegate.m in Sources */ = {isa = PBXBuildFile; fileRef = 496BF1D71DD70E7D008EAF1E /* AppDelegate.m */; };
		496BF1DB1DD70E7D008EAF1E /* ViewController.m in Sources */ = {isa = PBXBuildFile; fileRef = 496BF1DA1DD70E7D008EAF1E /* ViewController.m */; };
		496BF1DE1DD70E7D008EAF1E /* Main.storyboard in Resources */ = {isa = PBXBuildFile; fileRef = 496BF1DC1DD70E7D008EAF1E /* Main.storyboard */; };
		496BF1E01DD70E7D008EAF1E /* Assets.xcassets in Resources */ = {isa = PBXBuildFile; fileRef = 496BF1DF1DD70E7D008EAF1E /* Assets.xcassets */; };
		496BF1E31DD70E7D008EAF1E /* LaunchScreen.storyboard in Resources */ = {isa = PBXBuildFile; fileRef = 496BF1E11DD70E7D008EAF1E /* LaunchScreen.storyboard */; };
		49EB8A821DE468DE0010C998 /* MoveCell.m in Sources */ = {isa = PBXBuildFile; fileRef = 49EB8A811DE468DE0010C998 /* MoveCell.m */; };
		49EB8A851DE46A8C0010C998 /* UIView+Frame.m in Sources */ = {isa = PBXBuildFile; fileRef = 49EB8A841DE46A8C0010C998 /* UIView+Frame.m */; };
		49EB8A8F1DE46BC60010C998 /* 1.jpg in Resources */ = {isa = PBXBuildFile; fileRef = 49EB8A871DE46BC60010C998 /* 1.jpg */; };
		49EB8A901DE46BC60010C998 /* 2.jpg in Resources */ = {isa = PBXBuildFile; fileRef = 49EB8A881DE46BC60010C998 /* 2.jpg */; };
		49EB8A911DE46BC60010C998 /* 3.jpg in Resources */ = {isa = PBXBuildFile; fileRef = 49EB8A891DE46BC60010C998 /* 3.jpg */; };
		49EB8A921DE46BC60010C998 /* 4.jpg in Resources */ = {isa = PBXBuildFile; fileRef = 49EB8A8A1DE46BC60010C998 /* 4.jpg */; };
		49EB8A931DE46BC60010C998 /* 5.jpg in Resources */ = {isa = PBXBuildFile; fileRef = 49EB8A8B1DE46BC60010C998 /* 5.jpg */; };
		49EB8A941DE46BC60010C998 /* 6.jpg in Resources */ = {isa = PBXBuildFile; fileRef = 49EB8A8C1DE46BC60010C998 /* 6.jpg */; };
		49EB8A951DE46BC60010C998 /* 7.jpg in Resources */ = {isa = PBXBuildFile; fileRef = 49EB8A8D1DE46BC60010C998 /* 7.jpg */; };
		49EB8A961DE46BC60010C998 /* 8.jpg in Resources */ = {isa = PBXBuildFile; fileRef = 49EB8A8E1DE46BC60010C998 /* 8.jpg */; };
		49EB8A981DE470A80010C998 /* 0.jpg in Resources */ = {isa = PBXBuildFile; fileRef = 49EB8A971DE470A80010C998 /* 0.jpg */; };
/* End PBXBuildFile section */

/* Begin PBXFileReference section */
		496BF1D01DD70E7D008EAF1E /* veryGood.app */ = {isa = PBXFileReference; explicitFileType = wrapper.application; includeInIndex = 0; path = veryGood.app; sourceTree = BUILT_PRODUCTS_DIR; };
		496BF1D41DD70E7D008EAF1E /* main.m */ = {isa = PBXFileReference; lastKnownFileType = sourcecode.c.objc; path = main.m; sourceTree = "<group>"; };
		496BF1D61DD70E7D008EAF1E /* AppDelegate.h */ = {isa = PBXFileReference; lastKnownFileType = sourcecode.c.h; path = AppDelegate.h; sourceTree = "<group>"; };
		496BF1D71DD70E7D008EAF1E /* AppDelegate.m */ = {isa = PBXFileReference; lastKnownFileType = sourcecode.c.objc; path = AppDelegate.m; sourceTree = "<group>"; };
		496BF1D91DD70E7D008EAF1E /* ViewController.h */ = {isa = PBXFileReference; lastKnownFileType = sourcecode.c.h; path = ViewController.h; sourceTree = "<group>"; };
		496BF1DA1DD70E7D008EAF1E /* ViewController.m */ = {isa = PBXFileReference; lastKnownFileType = sourcecode.c.objc; path = ViewController.m; sourceTree = "<group>"; };
		496BF1DD1DD70E7D008EAF1E /* Base */ = {isa = PBXFileReference; lastKnownFileType = file.storyboard; name = Base; path = Base.lproj/Main.storyboard; sourceTree = "<group>"; };
		496BF1DF1DD70E7D008EAF1E /* Assets.xcassets */ = {isa = PBXFileReference; lastKnownFileType = folder.assetcatalog; path = Assets.xcassets; sourceTree = "<group>"; };
		496BF1E21DD70E7D008EAF1E /* Base */ = {isa = PBXFileReference; lastKnownFileType = file.storyboard; name = Base; path = Base.lproj/LaunchScreen.storyboard; sourceTree = "<group>"; };
		496BF1E41DD70E7D008EAF1E /* Info.plist */ = {isa = PBXFileReference; lastKnownFileType = text.plist.xml; path = Info.plist; sourceTree = "<group>"; };
		49EB8A801DE468DE0010C998 /* MoveCell.h */ = {isa = PBXFileReference; fileEncoding = 4; lastKnownFileType = sourcecode.c.h; path = MoveCell.h; sourceTree = "<group>"; };
		49EB8A811DE468DE0010C998 /* MoveCell.m */ = {isa = PBXFileReference; fileEncoding = 4; lastKnownFileType = sourcecode.c.objc; path = MoveCell.m; sourceTree = "<group>"; };
		49EB8A831DE46A8C0010C998 /* UIView+Frame.h */ = {isa = PBXFileReference; fileEncoding = 4; lastKnownFileType = sourcecode.c.h; path = "UIView+Frame.h"; sourceTree = "<group>"; };
		49EB8A841DE46A8C0010C998 /* UIView+Frame.m */ = {isa = PBXFileReference; fileEncoding = 4; lastKnownFileType = sourcecode.c.objc; path = "UIView+Frame.m"; sourceTree = "<group>"; };
		49EB8A871DE46BC60010C998 /* 1.jpg */ = {isa = PBXFileReference; lastKnownFileType = image.jpeg; path = 1.jpg; sourceTree = "<group>"; };
		49EB8A881DE46BC60010C998 /* 2.jpg */ = {isa = PBXFileReference; lastKnownFileType = image.jpeg; path = 2.jpg; sourceTree = "<group>"; };
		49EB8A891DE46BC60010C998 /* 3.jpg */ = {isa = PBXFileReference; lastKnownFileType = image.jpeg; path = 3.jpg; sourceTree = "<group>"; };
		49EB8A8A1DE46BC60010C998 /* 4.jpg */ = {isa = PBXFileReference; lastKnownFileType = image.jpeg; path = 4.jpg; sourceTree = "<group>"; };
		49EB8A8B1DE46BC60010C998 /* 5.jpg */ = {isa = PBXFileReference; lastKnownFileType = image.jpeg; path = 5.jpg; sourceTree = "<group>"; };
		49EB8A8C1DE46BC60010C998 /* 6.jpg */ = {isa = PBXFileReference; lastKnownFileType = image.jpeg; path = 6.jpg; sourceTree = "<group>"; };
		49EB8A8D1DE46BC60010C998 /* 7.jpg */ = {isa = PBXFileReference; lastKnownFileType = image.jpeg; path = 7.jpg; sourceTree = "<group>"; };
		49EB8A8E1DE46BC60010C998 /* 8.jpg */ = {isa = PBXFileReference; lastKnownFileType = image.jpeg; path = 8.jpg; sourceTree = "<group>"; };
		49EB8A971DE470A80010C998 /* 0.jpg */ = {isa = PBXFileReference; lastKnownFileType = image.jpeg; path = 0.jpg; sourceTree = "<group>"; };
/* End PBXFileReference section */

/* Begin PBXFrameworksBuildPhase section */
		496BF1CD1DD70E7D008EAF1E /* Frameworks */ = {
			isa = PBXFrameworksBuildPhase;
			buildActionMask = 2147483647;
			files = (
			);
			runOnlyForDeploymentPostprocessing = 0;
		};
/* End PBXFrameworksBuildPhase section */

/* Begin PBXGroup section */
		496BF1C71DD70E7D008EAF1E = {
			isa = PBXGroup;
			children = (
				496BF1D21DD70E7D008EAF1E /* veryGood */,
				496BF1D11DD70E7D008EAF1E /* Products */,
			);
			sourceTree = "<group>";
		};
		496BF1D11DD70E7D008EAF1E /* Products */ = {
			isa = PBXGroup;
			children = (
				496BF1D01DD70E7D008EAF1E /* veryGood.app */,
			);
			name = Products;
			sourceTree = "<group>";
		};
		496BF1D21DD70E7D008EAF1E /* veryGood */ = {
			isa = PBXGroup;
			children = (
				49EB8A861DE46BC60010C998 /* images */,
				49EB8A831DE46A8C0010C998 /* UIView+Frame.h */,
				49EB8A841DE46A8C0010C998 /* UIView+Frame.m */,
				496BF1D61DD70E7D008EAF1E /* AppDelegate.h */,
				496BF1D71DD70E7D008EAF1E /* AppDelegate.m */,
				496BF1D91DD70E7D008EAF1E /* ViewController.h */,
				496BF1DA1DD70E7D008EAF1E /* ViewController.m */,
				49EB8A801DE468DE0010C998 /* MoveCell.h */,
				49EB8A811DE468DE0010C998 /* MoveCell.m */,
				496BF1DC1DD70E7D008EAF1E /* Main.storyboard */,
				496BF1DF1DD70E7D008EAF1E /* Assets.xcassets */,
				496BF1E11DD70E7D008EAF1E /* LaunchScreen.storyboard */,
				496BF1E41DD70E7D008EAF1E /* Info.plist */,
				496BF1D31DD70E7D008EAF1E /* Supporting Files */,
			);
			path = veryGood;
			sourceTree = "<group>";
		};
		496BF1D31DD70E7D008EAF1E /* Supporting Files */ = {
			isa = PBXGroup;
			children = (
				496BF1D41DD70E7D008EAF1E /* main.m */,
			);
			name = "Supporting Files";
			sourceTree = "<group>";
		};
		49EB8A861DE46BC60010C998 /* images */ = {
			isa = PBXGroup;
			children = (
				49EB8A971DE470A80010C998 /* 0.jpg */,
				49EB8A871DE46BC60010C998 /* 1.jpg */,
				49EB8A881DE46BC60010C998 /* 2.jpg */,
				49EB8A891DE46BC60010C998 /* 3.jpg */,
				49EB8A8A1DE46BC60010C998 /* 4.jpg */,
				49EB8A8B1DE46BC60010C998 /* 5.jpg */,
				49EB8A8C1DE46BC60010C998 /* 6.jpg */,
				49EB8A8D1DE46BC60010C998 /* 7.jpg */,
				49EB8A8E1DE46BC60010C998 /* 8.jpg */,
			);
			path = images;
			sourceTree = "<group>";
		};
/* End PBXGroup section */

/* Begin PBXNativeTarget section */
		496BF1CF1DD70E7D008EAF1E /* veryGood */ = {
			isa = PBXNativeTarget;
			buildConfigurationList = 496BF1E71DD70E7D008EAF1E /* Build configuration list for PBXNativeTarget "veryGood" */;
			buildPhases = (
				496BF1CC1DD70E7D008EAF1E /* Sources */,
				496BF1CD1DD70E7D008EAF1E /* Frameworks */,
				496BF1CE1DD70E7D008EAF1E /* Resources */,
			);
			buildRules = (
			);
			dependencies = (
			);
			name = veryGood;
			productName = veryGood;
			productReference = 496BF1D01DD70E7D008EAF1E /* veryGood.app */;
			productType = "com.apple.product-type.application";
		};
/* End PBXNativeTarget section */

/* Begin PBXProject section */
		496BF1C81DD70E7D008EAF1E /* Project object */ = {
			isa = PBXProject;
			attributes = {
				LastUpgradeCheck = 0710;
				ORGANIZATIONNAME = dllo;
				TargetAttributes = {
					496BF1CF1DD70E7D008EAF1E = {
						CreatedOnToolsVersion = 7.1;
					};
				};
			};
			buildConfigurationList = 496BF1CB1DD70E7D008EAF1E /* Build configuration list for PBXProject "veryGood" */;
			compatibilityVersion = "Xcode 3.2";
			developmentRegion = English;
			hasScannedForEncodings = 0;
			knownRegions = (
				en,
				Base,
			);
			mainGroup = 496BF1C71DD70E7D008EAF1E;
			productRefGroup = 496BF1D11DD70E7D008EAF1E /* Products */;
			projectDirPath = "";
			projectRoot = "";
			targets = (
				496BF1CF1DD70E7D008EAF1E /* veryGood */,
			);
		};
/* End PBXProject section */

/* Begin PBXResourcesBuildPhase section */
		496BF1CE1DD70E7D008EAF1E /* Resources */ = {
			isa = PBXResourcesBuildPhase;
			buildActionMask = 2147483647;
			files = (
				49EB8A981DE470A80010C998 /* 0.jpg in Resources */,
				49EB8A961DE46BC60010C998 /* 8.jpg in Resources */,
				49EB8A941DE46BC60010C998 /* 6.jpg in Resources */,
				496BF1E31DD70E7D008EAF1E /* LaunchScreen.storyboard in Resources */,
				49EB8A931DE46BC60010C998 /* 5.jpg in Resources */,
				49EB8A921DE46BC60010C998 /* 4.jpg in Resources */,
				49EB8A8F1DE46BC60010C998 /* 1.jpg in Resources */,
				49EB8A901DE46BC60010C998 /* 2.jpg in Resources */,
				49EB8A911DE46BC60010C998 /* 3.jpg in Resources */,
				49EB8A951DE46BC60010C998 /* 7.jpg in Resources */,
				496BF1E01DD70E7D008EAF1E /* Assets.xcassets in Resources */,
				496BF1DE1DD70E7D008EAF1E /* Main.storyboard in Resources */,
			);
			runOnlyForDeploymentPostprocessing = 0;
		};
/* End PBXResourcesBuildPhase section */

/* Begin PBXSourcesBuildPhase section */
		496BF1CC1DD70E7D008EAF1E /* Sources */ = {
			isa = PBXSourcesBuildPhase;
			buildActionMask = 2147483647;
			files = (
				49EB8A821DE468DE0010C998 /* MoveCell.m in Sources */,
				496BF1DB1DD70E7D008EAF1E /* ViewController.m in Sources */,
				496BF1D81DD70E7D008EAF1E /* AppDelegate.m in Sources */,
				49EB8A851DE46A8C0010C998 /* UIView+Frame.m in Sources */,
				496BF1D51DD70E7D008EAF1E /* main.m in Sources */,
			);
			runOnlyForDeploymentPostprocessing = 0;
		};
/* End PBXSourcesBuildPhase section */

/* Begin PBXVariantGroup section */
		496BF1DC1DD70E7D008EAF1E /* Main.storyboard */ = {
			isa = PBXVariantGroup;
			children = (
				496BF1DD1DD70E7D008EAF1E /* Base */,
			);
			name = Main.storyboard;
			sourceTree = "<group>";
		};
		496BF1E11DD70E7D008EAF1E /* LaunchScreen.storyboard */ = {
			isa = PBXVariantGroup;
			children = (
				496BF1E21DD70E7D008EAF1E /* Base */,
			);
			name = LaunchScreen.storyboard;
			sourceTree = "<group>";
		};
/* End PBXVariantGroup section */

/* Begin XCBuildConfiguration section */
		496BF1E51DD70E7D008EAF1E /* Debug */ = {
			isa = XCBuildConfiguration;
			buildSettings = {
				ALWAYS_SEARCH_USER_PATHS = NO;
				CLANG_CXX_LANGUAGE_STANDARD = "gnu++0x";
				CLANG_CXX_LIBRARY = "libc++";
				CLANG_ENABLE_MODULES = YES;
				CLANG_ENABLE_OBJC_ARC = YES;
				CLANG_WARN_BOOL_CONVERSION = YES;
				CLANG_WARN_CONSTANT_CONVERSION = YES;
				CLANG_WARN_DIRECT_OBJC_ISA_USAGE = YES_ERROR;
				CLANG_WARN_EMPTY_BODY = YES;
				CLANG_WARN_ENUM_CONVERSION = YES;
				CLANG_WARN_INT_CONVERSION = YES;
				CLANG_WARN_OBJC_ROOT_CLASS = YES_ERROR;
				CLANG_WARN_UNREACHABLE_CODE = YES;
				CLANG_WARN__DUPLICATE_METHOD_MATCH = YES;
				"CODE_SIGN_IDENTITY[sdk=iphoneos*]" = "iPhone Developer";
				COPY_PHASE_STRIP = NO;
				DEBUG_INFORMATION_FORMAT = dwarf;
				ENABLE_STRICT_OBJC_MSGSEND = YES;
				ENABLE_TESTABILITY = YES;
				GCC_C_LANGUAGE_STANDARD = gnu99;
				GCC_DYNAMIC_NO_PIC = NO;
				GCC_NO_COMMON_BLOCKS = YES;
				GCC_OPTIMIZATION_LEVEL = 0;
				GCC_PREPROCESSOR_DEFINITIONS = (
					"DEBUG=1",
					"$(inherited)",
				);
				GCC_WARN_64_TO_32_BIT_CONVERSION = YES;
				GCC_WARN_ABOUT_RETURN_TYPE = YES_ERROR;
				GCC_WARN_UNDECLARED_SELECTOR = YES;
				GCC_WARN_UNINITIALIZED_AUTOS = YES_AGGRESSIVE;
				GCC_WARN_UNUSED_FUNCTION = YES;
				GCC_WARN_UNUSED_VARIABLE = YES;
				IPHONEOS_DEPLOYMENT_TARGET = 9.1;
				MTL_ENABLE_DEBUG_INFO = YES;
				ONLY_ACTIVE_ARCH = YES;
				SDKROOT = iphoneos;
			};
			name = Debug;
		};
		496BF1E61DD70E7D008EAF1E /* Release */ = {
			isa = XCBuildConfiguration;
			buildSettings = {
				ALWAYS_SEARCH_USER_PATHS = NO;
				CLANG_CXX_LANGUAGE_STANDARD = "gnu++0x";
				CLANG_CXX_LIBRARY = "libc++";
				CLANG_ENABLE_MODULES = YES;
				CLANG_ENABLE_OBJC_ARC = YES;
				CLANG_WARN_BOOL_CONVERSION = YES;
				CLANG_WARN_CONSTANT_CONVERSION = YES;
				CLANG_WARN_DIRECT_OBJC_ISA_USAGE = YES_ERROR;
				CLANG_WARN_EMPTY_BODY = YES;
				CLANG_WARN_ENUM_CONVERSION = YES;
				CLANG_WARN_INT_CONVERSION = YES;
				CLANG_WARN_OBJC_ROOT_CLASS = YES_ERROR;
				CLANG_WARN_UNREACHABLE_CODE = YES;
				CLANG_WARN__DUPLICATE_METHOD_MATCH = YES;
				"CODE_SIGN_IDENTITY[sdk=iphoneos*]" = "iPhone Developer";
				COPY_PHASE_STRIP = NO;
				DEBUG_INFORMATION_FORMAT = "dwarf-with-dsym";
				ENABLE_NS_ASSERTIONS = NO;
				ENABLE_STRICT_OBJC_MSGSEND = YES;
				GCC_C_LANGUAGE_STANDARD = gnu99;
				GCC_NO_COMMON_BLOCKS = YES;
				GCC_WARN_64_TO_32_BIT_CONVERSION = YES;
				GCC_WARN_ABOUT_RETURN_TYPE = YES_ERROR;
				GCC_WARN_UNDECLARED_SELECTOR = YES;
				GCC_WARN_UNINITIALIZED_AUTOS = YES_AGGRESSIVE;
				GCC_WARN_UNUSED_FUNCTION = YES;
				GCC_WARN_UNUSED_VARIABLE = YES;
				IPHONEOS_DEPLOYMENT_TARGET = 9.1;
				MTL_ENABLE_DEBUG_INFO = NO;
				SDKROOT = iphoneos;
				VALIDATE_PRODUCT = YES;
			};
			name = Release;
		};
		496BF1E81DD70E7D008EAF1E /* Debug */ = {
			isa = XCBuildConfiguration;
			buildSettings = {
				ASSETCATALOG_COMPILER_APPICON_NAME = AppIcon;
				INFOPLIST_FILE = veryGood/Info.plist;
				LD_RUNPATH_SEARCH_PATHS = "$(inherited) @executable_path/Frameworks";
				PRODUCT_BUNDLE_IDENTIFIER = com.lanou3g.veryGood;
				PRODUCT_NAME = "$(TARGET_NAME)";
			};
			name = Debug;
		};
		496BF1E91DD70E7D008EAF1E /* Release */ = {
			isa = XCBuildConfiguration;
			buildSettings = {
				ASSETCATALOG_COMPILER_APPICON_NAME = AppIcon;
				INFOPLIST_FILE = veryGood/Info.plist;
				LD_RUNPATH_SEARCH_PATHS = "$(inherited) @executable_path/Frameworks";
				PRODUCT_BUNDLE_IDENTIFIER = com.lanou3g.veryGood;
				PRODUCT_NAME = "$(TARGET_NAME)";
			};
			name = Release;
		};
/* End XCBuildConfiguration section */

/* Begin XCConfigurationList section */
		496BF1CB1DD70E7D008EAF1E /* Build configuration list for PBXProject "veryGood" */ = {
			isa = XCConfigurationList;
			buildConfigurations = (
				496BF1E51DD70E7D008EAF1E /* Debug */,
				496BF1E61DD70E7D008EAF1E /* Release */,
			);
			defaultConfigurationIsVisible = 0;
			defaultConfigurationName = Release;
		};
		496BF1E71DD70E7D008EAF1E /* Build configuration list for PBXNativeTarget "veryGood" */ = {
			isa = XCConfigurationList;
			buildConfigurations = (
				496BF1E81DD70E7D008EAF1E /* Debug */,
				496BF1E91DD70E7D008EAF1E /* Release */,
			);
			defaultConfigurationIsVisible = 0;
			defaultConfigurationName = Release;
		};
/* End XCConfigurationList section */
	};
	rootObject = 496BF1C81DD70E7D008EAF1E /* Project object */;
}
